
Microsoft Visual Studio Solution File, Format Version 12.00
# Visual Studio Version 16
VisualStudioVersion = 16.0.30413.136
MinimumVisualStudioVersion = 10.0.40219.1
Project("{F184B08F-C81C-45F6-A57F-5ABD9991F28F}") = "Mantenimiento", "Mantenimiento\Mantenimiento.vbproj", "{BB736895-0087-460B-8882-28B9EF605924}"
EndProject
Project("{F184B08F-C81C-45F6-A57F-5ABD9991F28F}") = "Proyecto", "Mantenimiento\Proyecto\Proyecto.vbproj", "{74A0B2AD-288C-4E3E-B461-ECCCF2DD0AA6}"
EndProject
Project("{F184B08F-C81C-45F6-A57F-5ABD9991F28F}") = "Domain", "Mantenimiento\Domain\Domain.vbproj", "{37B3F3E9-FE85-4FF7-A6FF-C74425381DE3}"
EndProject
Global
	GlobalSection(SolutionConfigurationPlatforms) = preSolution
		Debug|Any CPU = Debug|Any CPU
		Debug|x86 = Debug|x86
		Release|Any CPU = Release|Any CPU
		Release|x86 = Release|x86
	EndGlobalSection
	GlobalSection(ProjectConfigurationPlatforms) = postSolution
		{BB736895-0087-460B-8882-28B9EF605924}.Debug|Any CPU.ActiveCfg = Debug|Any CPU
		{BB736895-0087-460B-8882-28B9EF605924}.Debug|Any CPU.Build.0 = Debug|Any CPU
		{BB736895-0087-460B-8882-28B9EF605924}.Debug|x86.ActiveCfg = Debug|Any CPU
		{BB736895-0087-460B-8882-28B9EF605924}.Debug|x86.Build.0 = Debug|Any CPU
		{BB736895-0087-460B-8882-28B9EF605924}.Release|Any CPU.ActiveCfg = Release|Any CPU
		{BB736895-0087-460B-8882-28B9EF605924}.Release|Any CPU.Build.0 = Release|Any CPU
		{BB736895-0087-460B-8882-28B9EF605924}.Release|x86.ActiveCfg = Release|Any CPU
		{BB736895-0087-460B-8882-28B9EF605924}.Release|x86.Build.0 = Release|Any CPU
		{74A0B2AD-288C-4E3E-B461-ECCCF2DD0AA6}.Debug|Any CPU.ActiveCfg = Debug|Any CPU
		{74A0B2AD-288C-4E3E-B461-ECCCF2DD0AA6}.Debug|Any CPU.Build.0 = Debug|Any CPU
		{74A0B2AD-288C-4E3E-B461-ECCCF2DD0AA6}.Debug|x86.ActiveCfg = Debug|Any CPU
		{74A0B2AD-288C-4E3E-B461-ECCCF2DD0AA6}.Debug|x86.Build.0 = Debug|Any CPU
		{74A0B2AD-288C-4E3E-B461-ECCCF2DD0AA6}.Release|Any CPU.ActiveCfg = Release|Any CPU
		{74A0B2AD-288C-4E3E-B461-ECCCF2DD0AA6}.Release|Any CPU.Build.0 = Release|Any CPU
		{74A0B2AD-288C-4E3E-B461-ECCCF2DD0AA6}.Release|x86.ActiveCfg = Release|Any CPU
		{74A0B2AD-288C-4E3E-B461-ECCCF2DD0AA6}.Release|x86.Build.0 = Release|Any CPU
		{37B3F3E9-FE85-4FF7-A6FF-C74425381DE3}.Debug|Any CPU.ActiveCfg = Debug|Any CPU
		{37B3F3E9-FE85-4FF7-A6FF-C74425381DE3}.Debug|Any CPU.Build.0 = Debug|Any CPU
		{37B3F3E9-FE85-4FF7-A6FF-C74425381DE3}.Debug|x86.ActiveCfg = Debug|Any CPU
		{37B3F3E9-FE85-4FF7-A6FF-C74425381DE3}.Debug|x86.Build.0 = Debug|Any CPU
		{37B3F3E9-FE85-4FF7-A6FF-C74425381DE3}.Release|Any CPU.ActiveCfg = Release|Any CPU
		{37B3F3E9-FE85-4FF7-A6FF-C74425381DE3}.Release|Any CPU.Build.0 = Release|Any CPU
		{37B3F3E9-FE85-4FF7-A6FF-C74425381DE3}.Release|x86.ActiveCfg = Release|Any CPU
		{37B3F3E9-FE85-4FF7-A6FF-C74425381DE3}.Release|x86.Build.0 = Release|Any CPU
	EndGlobalSection
	GlobalSection(SolutionProperties) = preSolution
		HideSolutionNode = FALSE
	EndGlobalSection
	GlobalSection(ExtensibilityGlobals) = postSolution
		SolutionGuid = {FB4CAE27-676F-475E-B783-12006D8E82F6}
	EndGlobalSection
EndGlobal
